
Microsoft Visual Studio Solution File, Format Version 12.00
# Visual Studio Version 16
VisualStudioVersion = 16.0.31605.320
MinimumVisualStudioVersion = 10.0.40219.1
Project("{FAE04EC0-301F-11D3-BF4B-00C04F79EFBC}") = "Algorithms", "Algorithms\Algorithms.csproj", "{162F43DD-4AB8-4D8B-9F18-B4617AAB35AA}"
EndProject
Project("{FAE04EC0-301F-11D3-BF4B-00C04F79EFBC}") = "IntervalScheduling", "IntervalScheduling\IntervalScheduling.csproj", "{3D4FB68D-4AED-487B-AFF6-B9F860E63487}"
EndProject
Global
	GlobalSection(SolutionConfigurationPlatforms) = preSolution
		Debug|Any CPU = Debug|Any CPU
		Release|Any CPU = Release|Any CPU
	EndGlobalSection
	GlobalSection(ProjectConfigurationPlatforms) = postSolution
		{162F43DD-4AB8-4D8B-9F18-B4617AAB35AA}.Debug|Any CPU.ActiveCfg = Debug|Any CPU
		{162F43DD-4AB8-4D8B-9F18-B4617AAB35AA}.Debug|Any CPU.Build.0 = Debug|Any CPU
		{162F43DD-4AB8-4D8B-9F18-B4617AAB35AA}.Release|Any CPU.ActiveCfg = Release|Any CPU
		{162F43DD-4AB8-4D8B-9F18-B4617AAB35AA}.Release|Any CPU.Build.0 = Release|Any CPU
		{3D4FB68D-4AED-487B-AFF6-B9F860E63487}.Debug|Any CPU.ActiveCfg = Debug|Any CPU
		{3D4FB68D-4AED-487B-AFF6-B9F860E63487}.Debug|Any CPU.Build.0 = Debug|Any CPU
		{3D4FB68D-4AED-487B-AFF6-B9F860E63487}.Release|Any CPU.ActiveCfg = Release|Any CPU
		{3D4FB68D-4AED-487B-AFF6-B9F860E63487}.Release|Any CPU.Build.0 = Release|Any CPU
	EndGlobalSection
	GlobalSection(SolutionProperties) = preSolution
		HideSolutionNode = FALSE
	EndGlobalSection
	GlobalSection(ExtensibilityGlobals) = postSolution
		SolutionGuid = {6D164C65-95B0-4870-A723-D23348FE1591}
	EndGlobalSection
EndGlobal
